
Microsoft Visual Studio Solution File, Format Version 12.00
# Visual Studio Version 17
VisualStudioVersion = 17.14.36518.9 d17.14
MinimumVisualStudioVersion = 10.0.40219.1
Project("{FAE04EC0-301F-11D3-BF4B-00C04F79EFBC}") = "TimerTest", "TimerTest.csproj", "{365E07BF-749E-4B77-A85F-200721E9EE08}"
EndProject
Global
	GlobalSection(SolutionConfigurationPlatforms) = preSolution
		Debug|Any CPU = Debug|Any CPU
		Release|Any CPU = Release|Any CPU
	EndGlobalSection
	GlobalSection(ProjectConfigurationPlatforms) = postSolution
		{365E07BF-749E-4B77-A85F-200721E9EE08}.Debug|Any CPU.ActiveCfg = Debug|Any CPU
		{365E07BF-749E-4B77-A85F-200721E9EE08}.Debug|Any CPU.Build.0 = Debug|Any CPU
		{365E07BF-749E-4B77-A85F-200721E9EE08}.Release|Any CPU.ActiveCfg = Release|Any CPU
		{365E07BF-749E-4B77-A85F-200721E9EE08}.Release|Any CPU.Build.0 = Release|Any CPU
	EndGlobalSection
	GlobalSection(SolutionProperties) = preSolution
		HideSolutionNode = FALSE
	EndGlobalSection
	GlobalSection(ExtensibilityGlobals) = postSolution
		SolutionGuid = {FDFFC9FF-2FA4-44A5-9CCA-10C095D753E0}
	EndGlobalSection
EndGlobal
